# THIS IS AN AUTOGENERATED FILE. DO NOT EDIT THIS FILE DIRECTLY.
# yarn lockfile v1


sortablejs@^1.5.1:
  version "1.5.1"
  resolved "https://registry.yarnpkg.com/sortablejs/-/sortablejs-1.5.1.tgz#efae13b84c677f3b3d3f4f8e46c7e05fc6acb525"

vuedraggable@^2.9.0:
  version "2.9.0"
  resolved "https://registry.yarnpkg.com/vuedraggable/-/vuedraggable-2.9.0.tgz#d3aa8684049d8b3efd27e2b24b6804c235ba74a9"
  dependencies:
    sortablejs "^1.5.1"
